
Microsoft Visual Studio Solution File, Format Version 12.00
# Visual Studio Version 17
VisualStudioVersion = 17.5.002.0
MinimumVisualStudioVersion = 10.0.40219.1
Project("{9A19103F-16F7-4668-BE54-9A1E7A4F7556}") = "Desafio03", "Desafio03.csproj", "{BD72F314-0C7D-4E15-8CCC-255F622C1133}"
EndProject
Global
	GlobalSection(SolutionConfigurationPlatforms) = preSolution
		Debug|Any CPU = Debug|Any CPU
		Release|Any CPU = Release|Any CPU
	EndGlobalSection
	GlobalSection(ProjectConfigurationPlatforms) = postSolution
		{BD72F314-0C7D-4E15-8CCC-255F622C1133}.Debug|Any CPU.ActiveCfg = Debug|Any CPU
		{BD72F314-0C7D-4E15-8CCC-255F622C1133}.Debug|Any CPU.Build.0 = Debug|Any CPU
		{BD72F314-0C7D-4E15-8CCC-255F622C1133}.Release|Any CPU.ActiveCfg = Release|Any CPU
		{BD72F314-0C7D-4E15-8CCC-255F622C1133}.Release|Any CPU.Build.0 = Release|Any CPU
	EndGlobalSection
	GlobalSection(SolutionProperties) = preSolution
		HideSolutionNode = FALSE
	EndGlobalSection
	GlobalSection(ExtensibilityGlobals) = postSolution
		SolutionGuid = {BF094419-A925-4C5A-9B97-73DFED53B08B}
	EndGlobalSection
EndGlobal
